// !$*UTF8*$!
{
	archiveVersion = 1;
	classes = {
	};
	objectVersion = 51;
	objects = {

/* Begin PBXBuildFile section */
		66049BD7077F73C9210873F2 /* Pods_SoundClassification.framework in Frameworks */ = {isa = PBXBuildFile; fileRef = AA70AA685F986DCEB5D61176 /* Pods_SoundClassification.framework */; };
		C83580DC253929A7007E9603 /* labels.txt in Resources */ = {isa = PBXBuildFile; fileRef = C83580DA253929A7007E9603 /* labels.txt */; };
		C83580DD253929A7007E9603 /* sound_classification.tflite in Resources */ = {isa = PBXBuildFile; fileRef = C83580DB253929A7007E9603 /* sound_classification.tflite */; };
		C83B9C82256BB4C000EA2282 /* AudioInputManager.swift in Sources */ = {isa = PBXBuildFile; fileRef = C83B9C81256BB4C000EA2282 /* AudioInputManager.swift */; };
		C83B9C8D256D38DB00EA2282 /* SoundClassifier.swift in Sources */ = {isa = PBXBuildFile; fileRef = C83B9C8C256D38DB00EA2282 /* SoundClassifier.swift */; };
		C86E5C9F2525DB8400F53BEA /* AppDelegate.swift in Sources */ = {isa = PBXBuildFile; fileRef = C86E5C9E2525DB8400F53BEA /* AppDelegate.swift */; };
		C86E5CA32525DB8400F53BEA /* ViewController.swift in Sources */ = {isa = PBXBuildFile; fileRef = C86E5CA22525DB8400F53BEA /* ViewController.swift */; };
		C86E5CA62525DB8400F53BEA /* Main.storyboard in Resources */ = {isa = PBXBuildFile; fileRef = C86E5CA42525DB8400F53BEA /* Main.storyboard */; };
		C86E5CA82525DB8600F53BEA /* Assets.xcassets in Resources */ = {isa = PBXBuildFile; fileRef = C86E5CA72525DB8600F53BEA /* Assets.xcassets */; };
		C86E5CAB2525DB8600F53BEA /* LaunchScreen.storyboard in Resources */ = {isa = PBXBuildFile; fileRef = C86E5CA92525DB8600F53BEA /* LaunchScreen.storyboard */; };
		C8FF9D332577CFB2004ED628 /* ProbabilityTableViewCell.swift in Sources */ = {isa = PBXBuildFile; fileRef = C8FF9D322577CFB2004ED628 /* ProbabilityTableViewCell.swift */; };
/* End PBXBuildFile section */

/* Begin PBXContainerItemProxy section */
		C86E5CB22525DB8700F53BEA /* PBXContainerItemProxy */ = {
			isa = PBXContainerItemProxy;
			containerPortal = C86E5C932525DB8400F53BEA /* Project object */;
			proxyType = 1;
			remoteGlobalIDString = C86E5C9A2525DB8400F53BEA;
			remoteInfo = SoundClassification;
		};
		C86E5CBD2525DB8700F53BEA /* PBXContainerItemProxy */ = {
			isa = PBXContainerItemProxy;
			containerPortal = C86E5C932525DB8400F53BEA /* Project object */;
			proxyType = 1;
			remoteGlobalIDString = C86E5C9A2525DB8400F53BEA;
			remoteInfo = SoundClassification;
		};
/* End PBXContainerItemProxy section */

/* Begin PBXFileReference section */
		5AFAE9051D797536BC360191 /* Pods-SoundClassification.release.xcconfig */ = {isa = PBXFileReference; includeInIndex = 1; lastKnownFileType = text.xcconfig; name = "Pods-SoundClassification.release.xcconfig"; path = "Target Support Files/Pods-SoundClassification/Pods-SoundClassification.release.xcconfig"; sourceTree = "<group>"; };
		8D3C72E2E6452206717A5F8A /* Pods-SoundClassification.debug.xcconfig */ = {isa = PBXFileReference; includeInIndex = 1; lastKnownFileType = text.xcconfig; name = "Pods-SoundClassification.debug.xcconfig"; path = "Target Support Files/Pods-SoundClassification/Pods-SoundClassification.debug.xcconfig"; sourceTree = "<group>"; };
		AA70AA685F986DCEB5D61176 /* Pods_SoundClassification.framework */ = {isa = PBXFileReference; explicitFileType = wrapper.framework; includeInIndex = 0; path = Pods_SoundClassification.framework; sourceTree = BUILT_PRODUCTS_DIR; };
		C83580DA253929A7007E9603 /* labels.txt */ = {isa = PBXFileReference; fileEncoding = 4; lastKnownFileType = text; path = labels.txt; sourceTree = "<group>"; };
		C83580DB253929A7007E9603 /* sound_classification.tflite */ = {isa = PBXFileReference; lastKnownFileType = file; path = sound_classification.tflite; sourceTree = "<group>"; };
		C83B9C81256BB4C000EA2282 /* AudioInputManager.swift */ = {isa = PBXFileReference; lastKnownFileType = sourcecode.swift; path = AudioInputManager.swift; sourceTree = "<group>"; };
		C83B9C8C256D38DB00EA2282 /* SoundClassifier.swift */ = {isa = PBXFileReference; lastKnownFileType = sourcecode.swift; path = SoundClassifier.swift; sourceTree = "<group>"; };
		C86E5C9B2525DB8400F53BEA /* SoundClassification.app */ = {isa = PBXFileReference; explicitFileType = wrapper.application; includeInIndex = 0; path = SoundClassification.app; sourceTree = BUILT_PRODUCTS_DIR; };
		C86E5C9E2525DB8400F53BEA /* AppDelegate.swift */ = {isa = PBXFileReference; lastKnownFileType = sourcecode.swift; path = AppDelegate.swift; sourceTree = "<group>"; };
		C86E5CA22525DB8400F53BEA /* ViewController.swift */ = {isa = PBXFileReference; lastKnownFileType = sourcecode.swift; path = ViewController.swift; sourceTree = "<group>"; };
		C86E5CA52525DB8400F53BEA /* Base */ = {isa = PBXFileReference; lastKnownFileType = file.storyboard; name = Base; path = Base.lproj/Main.storyboard; sourceTree = "<group>"; };
		C86E5CA72525DB8600F53BEA /* Assets.xcassets */ = {isa = PBXFileReference; lastKnownFileType = folder.assetcatalog; path = Assets.xcassets; sourceTree = "<group>"; };
		C86E5CAA2525DB8600F53BEA /* Base */ = {isa = PBXFileReference; lastKnownFileType = file.storyboard; name = Base; path = Base.lproj/LaunchScreen.storyboard; sourceTree = "<group>"; };
		C86E5CAC2525DB8600F53BEA /* Info.plist */ = {isa = PBXFileReference; lastKnownFileType = text.plist.xml; path = Info.plist; sourceTree = "<group>"; };
		C86E5CB12525DB8700F53BEA /* SoundClassificationTests.xctest */ = {isa = PBXFileReference; explicitFileType = wrapper.cfbundle; includeInIndex = 0; path = SoundClassificationTests.xctest; sourceTree = BUILT_PRODUCTS_DIR; };
		C86E5CBC2525DB8700F53BEA /* SoundClassificationUITests.xctest */ = {isa = PBXFileReference; explicitFileType = wrapper.cfbundle; includeInIndex = 0; path = SoundClassificationUITests.xctest; sourceTree = BUILT_PRODUCTS_DIR; };
		C8FF9D322577CFB2004ED628 /* ProbabilityTableViewCell.swift */ = {isa = PBXFileReference; lastKnownFileType = sourcecode.swift; path = ProbabilityTableViewCell.swift; sourceTree = "<group>"; };
/* End PBXFileReference section */

/* Begin PBXFrameworksBuildPhase section */
		C86E5C982525DB8400F53BEA /* Frameworks */ = {
			isa = PBXFrameworksBuildPhase;
			buildActionMask = 2147483647;
			files = (
				66049BD7077F73C9210873F2 /* Pods_SoundClassification.framework in Frameworks */,
			);
			runOnlyForDeploymentPostprocessing = 0;
		};
		C86E5CAE2525DB8700F53BEA /* Frameworks */ = {
			isa = PBXFrameworksBuildPhase;
			buildActionMask = 2147483647;
			files = (
			);
			runOnlyForDeploymentPostprocessing = 0;
		};
		C86E5CB92525DB8700F53BEA /* Frameworks */ = {
			isa = PBXFrameworksBuildPhase;
			buildActionMask = 2147483647;
			files = (
			);
			runOnlyForDeploymentPostprocessing = 0;
		};
/* End PBXFrameworksBuildPhase section */

/* Begin PBXGroup section */
		5116BDF9419EF28534A8B4DC /* Pods */ = {
			isa = PBXGroup;
			children = (
				8D3C72E2E6452206717A5F8A /* Pods-SoundClassification.debug.xcconfig */,
				5AFAE9051D797536BC360191 /* Pods-SoundClassification.release.xcconfig */,
			);
			path = Pods;
			sourceTree = "<group>";
		};
		C83580D925392981007E9603 /* Model */ = {
			isa = PBXGroup;
			children = (
				C83580DA253929A7007E9603 /* labels.txt */,
				C83580DB253929A7007E9603 /* sound_classification.tflite */,
			);
			path = Model;
			sourceTree = "<group>";
		};
		C86E5C922525DB8400F53BEA = {
			isa = PBXGroup;
			children = (
				C86E5C9D2525DB8400F53BEA /* SoundClassification */,
				C86E5C9C2525DB8400F53BEA /* Products */,
				5116BDF9419EF28534A8B4DC /* Pods */,
				E1567F2DAE1E99ED1CCE7C9E /* Frameworks */,
			);
			sourceTree = "<group>";
		};
		C86E5C9C2525DB8400F53BEA /* Products */ = {
			isa = PBXGroup;
			children = (
				C86E5C9B2525DB8400F53BEA /* SoundClassification.app */,
				C86E5CB12525DB8700F53BEA /* SoundClassificationTests.xctest */,
				C86E5CBC2525DB8700F53BEA /* SoundClassificationUITests.xctest */,
			);
			name = Products;
			sourceTree = "<group>";
		};
		C86E5C9D2525DB8400F53BEA /* SoundClassification */ = {
			isa = PBXGroup;
			children = (
				C83580D925392981007E9603 /* Model */,
				C86E5C9E2525DB8400F53BEA /* AppDelegate.swift */,
				C86E5CA22525DB8400F53BEA /* ViewController.swift */,
				C86E5CA42525DB8400F53BEA /* Main.storyboard */,
				C86E5CA72525DB8600F53BEA /* Assets.xcassets */,
				C86E5CA92525DB8600F53BEA /* LaunchScreen.storyboard */,
				C86E5CAC2525DB8600F53BEA /* Info.plist */,
				C83B9C81256BB4C000EA2282 /* AudioInputManager.swift */,
				C83B9C8C256D38DB00EA2282 /* SoundClassifier.swift */,
				C8FF9D322577CFB2004ED628 /* ProbabilityTableViewCell.swift */,
			);
			path = SoundClassification;
			sourceTree = "<group>";
		};
		E1567F2DAE1E99ED1CCE7C9E /* Frameworks */ = {
			isa = PBXGroup;
			children = (
				AA70AA685F986DCEB5D61176 /* Pods_SoundClassification.framework */,
			);
			name = Frameworks;
			sourceTree = "<group>";
		};
/* End PBXGroup section */

/* Begin PBXNativeTarget section */
		C86E5C9A2525DB8400F53BEA /* SoundClassification */ = {
			isa = PBXNativeTarget;
			buildConfigurationList = C86E5CC52525DB8700F53BEA /* Build configuration list for PBXNativeTarget "SoundClassification" */;
			buildPhases = (
				B9FB71F77ABF6F7212D7C0F7 /* [CP] Check Pods Manifest.lock */,
				C853F2EE25B06E5600E4EE95 /* Download TFLite model */,
				C86E5C972525DB8400F53BEA /* Sources */,
				C86E5C982525DB8400F53BEA /* Frameworks */,
				C86E5C992525DB8400F53BEA /* Resources */,
			);
			buildRules = (
			);
			dependencies = (
			);
			name = SoundClassification;
			productName = SoundClassification;
			productReference = C86E5C9B2525DB8400F53BEA /* SoundClassification.app */;
			productType = "com.apple.product-type.application";
		};
		C86E5CB02525DB8700F53BEA /* SoundClassificationTests */ = {
			isa = PBXNativeTarget;
			buildConfigurationList = C86E5CC82525DB8700F53BEA /* Build configuration list for PBXNativeTarget "SoundClassificationTests" */;
			buildPhases = (
				C86E5CAD2525DB8700F53BEA /* Sources */,
				C86E5CAE2525DB8700F53BEA /* Frameworks */,
				C86E5CAF2525DB8700F53BEA /* Resources */,
			);
			buildRules = (
			);
			dependencies = (
				C86E5CB32525DB8700F53BEA /* PBXTargetDependency */,
			);
			name = SoundClassificationTests;
			productName = SoundClassificationTests;
			productReference = C86E5CB12525DB8700F53BEA /* SoundClassificationTests.xctest */;
			productType = "com.apple.product-type.bundle.unit-test";
		};
		C86E5CBB2525DB8700F53BEA /* SoundClassificationUITests */ = {
			isa = PBXNativeTarget;
			buildConfigurationList = C86E5CCB2525DB8700F53BEA /* Build configuration list for PBXNativeTarget "SoundClassificationUITests" */;
			buildPhases = (
				C86E5CB82525DB8700F53BEA /* Sources */,
				C86E5CB92525DB8700F53BEA /* Frameworks */,
				C86E5CBA2525DB8700F53BEA /* Resources */,
			);
			buildRules = (
			);
			dependencies = (
				C86E5CBE2525DB8700F53BEA /* PBXTargetDependency */,
			);
			name = SoundClassificationUITests;
			productName = SoundClassificationUITests;
			productReference = C86E5CBC2525DB8700F53BEA /* SoundClassificationUITests.xctest */;
			productType = "com.apple.product-type.bundle.ui-testing";
		};
/* End PBXNativeTarget section */

/* Begin PBXProject section */
		C86E5C932525DB8400F53BEA /* Project object */ = {
			isa = PBXProject;
			attributes = {
				LastSwiftUpdateCheck = 1170;
				LastUpgradeCheck = 1200;
				ORGANIZATIONNAME = Tensorflow;
				TargetAttributes = {
					C86E5C9A2525DB8400F53BEA = {
						CreatedOnToolsVersion = 11.7;
					};
					C86E5CB02525DB8700F53BEA = {
						CreatedOnToolsVersion = 11.7;
						TestTargetID = C86E5C9A2525DB8400F53BEA;
					};
					C86E5CBB2525DB8700F53BEA = {
						CreatedOnToolsVersion = 11.7;
						TestTargetID = C86E5C9A2525DB8400F53BEA;
					};
				};
			};
			buildConfigurationList = C86E5C962525DB8400F53BEA /* Build configuration list for PBXProject "SoundClassification" */;
			compatibilityVersion = "Xcode 10.0";
			developmentRegion = en;
			hasScannedForEncodings = 0;
			knownRegions = (
				en,
				Base,
			);
			mainGroup = C86E5C922525DB8400F53BEA;
			productRefGroup = C86E5C9C2525DB8400F53BEA /* Products */;
			projectDirPath = "";
			projectRoot = "";
			targets = (
				C86E5C9A2525DB8400F53BEA /* SoundClassification */,
				C86E5CB02525DB8700F53BEA /* SoundClassificationTests */,
				C86E5CBB2525DB8700F53BEA /* SoundClassificationUITests */,
			);
		};
/* End PBXProject section */

/* Begin PBXResourcesBuildPhase section */
		C86E5C992525DB8400F53BEA /* Resources */ = {
			isa = PBXResourcesBuildPhase;
			buildActionMask = 2147483647;
			files = (
				C86E5CAB2525DB8600F53BEA /* LaunchScreen.storyboard in Resources */,
				C83580DD253929A7007E9603 /* sound_classification.tflite in Resources */,
				C86E5CA82525DB8600F53BEA /* Assets.xcassets in Resources */,
				C86E5CA62525DB8400F53BEA /* Main.storyboard in Resources */,
				C83580DC253929A7007E9603 /* labels.txt in Resources */,
			);
			runOnlyForDeploymentPostprocessing = 0;
		};
		C86E5CAF2525DB8700F53BEA /* Resources */ = {
			isa = PBXResourcesBuildPhase;
			buildActionMask = 2147483647;
			files = (
			);
			runOnlyForDeploymentPostprocessing = 0;
		};
		C86E5CBA2525DB8700F53BEA /* Resources */ = {
			isa = PBXResourcesBuildPhase;
			buildActionMask = 2147483647;
			files = (
			);
			runOnlyForDeploymentPostprocessing = 0;
		};
/* End PBXResourcesBuildPhase section */

/* Begin PBXShellScriptBuildPhase section */
		B9FB71F77ABF6F7212D7C0F7 /* [CP] Check Pods Manifest.lock */ = {
			isa = PBXShellScriptBuildPhase;
			buildActionMask = 2147483647;
			files = (
			);
			inputFileListPaths = (
			);
			inputPaths = (
				"${PODS_PODFILE_DIR_PATH}/Podfile.lock",
				"${PODS_ROOT}/Manifest.lock",
			);
			name = "[CP] Check Pods Manifest.lock";
			outputFileListPaths = (
			);
			outputPaths = (
				"$(DERIVED_FILE_DIR)/Pods-SoundClassification-checkManifestLockResult.txt",
			);
			runOnlyForDeploymentPostprocessing = 0;
			shellPath = /bin/sh;
			shellScript = "diff \"${PODS_PODFILE_DIR_PATH}/Podfile.lock\" \"${PODS_ROOT}/Manifest.lock\" > /dev/null\nif [ $? != 0 ] ; then\n    # print error to STDERR\n    echo \"error: The sandbox is not in sync with the Podfile.lock. Run 'pod install' or update your CocoaPods installation.\" >&2\n    exit 1\nfi\n# This output is used by Xcode 'outputs' to avoid re-running this script phase.\necho \"SUCCESS\" > \"${SCRIPT_OUTPUT_FILE_0}\"\n";
			showEnvVarsInLog = 0;
		};
		C853F2EE25B06E5600E4EE95 /* Download TFLite model */ = {
			isa = PBXShellScriptBuildPhase;
			buildActionMask = 2147483647;
			files = (
			);
			inputFileListPaths = (
			);
			inputPaths = (
			);
			name = "Download TFLite model";
			outputFileListPaths = (
			);
			outputPaths = (
			);
			runOnlyForDeploymentPostprocessing = 0;
			shellPath = /bin/sh;
			shellScript = "\"$SRCROOT/RunScripts/download_models.sh\"\n";
		};
/* End PBXShellScriptBuildPhase section */

/* Begin PBXSourcesBuildPhase section */
		C86E5C972525DB8400F53BEA /* Sources */ = {
			isa = PBXSourcesBuildPhase;
			buildActionMask = 2147483647;
			files = (
				C86E5CA32525DB8400F53BEA /* ViewController.swift in Sources */,
				C86E5C9F2525DB8400F53BEA /* AppDelegate.swift in Sources */,
				C8FF9D332577CFB2004ED628 /* ProbabilityTableViewCell.swift in Sources */,
				C83B9C8D256D38DB00EA2282 /* SoundClassifier.swift in Sources */,
				C83B9C82256BB4C000EA2282 /* AudioInputManager.swift in Sources */,
			);
			runOnlyForDeploymentPostprocessing = 0;
		};
		C86E5CAD2525DB8700F53BEA /* Sources */ = {
			isa = PBXSourcesBuildPhase;
			buildActionMask = 2147483647;
			files = (
			);
			runOnlyForDeploymentPostprocessing = 0;
		};
		C86E5CB82525DB8700F53BEA /* Sources */ = {
			isa = PBXSourcesBuildPhase;
			buildActionMask = 2147483647;
			files = (
			);
			runOnlyForDeploymentPostprocessing = 0;
		};
/* End PBXSourcesBuildPhase section */

/* Begin PBXTargetDependency section */
		C86E5CB32525DB8700F53BEA /* PBXTargetDependency */ = {
			isa = PBXTargetDependency;
			target = C86E5C9A2525DB8400F53BEA /* SoundClassification */;
			targetProxy = C86E5CB22525DB8700F53BEA /* PBXContainerItemProxy */;
		};
		C86E5CBE2525DB8700F53BEA /* PBXTargetDependency */ = {
			isa = PBXTargetDependency;
			target = C86E5C9A2525DB8400F53BEA /* SoundClassification */;
			targetProxy = C86E5CBD2525DB8700F53BEA /* PBXContainerItemProxy */;
		};
/* End PBXTargetDependency section */

/* Begin PBXVariantGroup section */
		C86E5CA42525DB8400F53BEA /* Main.storyboard */ = {
			isa = PBXVariantGroup;
			children = (
				C86E5CA52525DB8400F53BEA /* Base */,
			);
			name = Main.storyboard;
			sourceTree = "<group>";
		};
		C86E5CA92525DB8600F53BEA /* LaunchScreen.storyboard */ = {
			isa = PBXVariantGroup;
			children = (
				C86E5CAA2525DB8600F53BEA /* Base */,
			);
			name = LaunchScreen.storyboard;
			sourceTree = "<group>";
		};
/* End PBXVariantGroup section */

/* Begin XCBuildConfiguration section */
		C86E5CC32525DB8700F53BEA /* Debug */ = {
			isa = XCBuildConfiguration;
			buildSettings = {
				ALWAYS_SEARCH_USER_PATHS = NO;
				CLANG_ANALYZER_NONNULL = YES;
				CLANG_ANALYZER_NUMBER_OBJECT_CONVERSION = YES_AGGRESSIVE;
				CLANG_CXX_LANGUAGE_STANDARD = "gnu++14";
				CLANG_CXX_LIBRARY = "libc++";
				CLANG_ENABLE_MODULES = YES;
				CLANG_ENABLE_OBJC_ARC = YES;
				CLANG_ENABLE_OBJC_WEAK = YES;
				CLANG_WARN_BLOCK_CAPTURE_AUTORELEASING = YES;
				CLANG_WARN_BOOL_CONVERSION = YES;
				CLANG_WARN_COMMA = YES;
				CLANG_WARN_CONSTANT_CONVERSION = YES;
				CLANG_WARN_DEPRECATED_OBJC_IMPLEMENTATIONS = YES;
				CLANG_WARN_DIRECT_OBJC_ISA_USAGE = YES_ERROR;
				CLANG_WARN_DOCUMENTATION_COMMENTS = YES;
				CLANG_WARN_EMPTY_BODY = YES;
				CLANG_WARN_ENUM_CONVERSION = YES;
				CLANG_WARN_INFINITE_RECURSION = YES;
				CLANG_WARN_INT_CONVERSION = YES;
				CLANG_WARN_NON_LITERAL_NULL_CONVERSION = YES;
				CLANG_WARN_OBJC_IMPLICIT_RETAIN_SELF = YES;
				CLANG_WARN_OBJC_LITERAL_CONVERSION = YES;
				CLANG_WARN_OBJC_ROOT_CLASS = YES_ERROR;
				CLANG_WARN_QUOTED_INCLUDE_IN_FRAMEWORK_HEADER = YES;
				CLANG_WARN_RANGE_LOOP_ANALYSIS = YES;
				CLANG_WARN_STRICT_PROTOTYPES = YES;
				CLANG_WARN_SUSPICIOUS_MOVE = YES;
				CLANG_WARN_UNGUARDED_AVAILABILITY = YES_AGGRESSIVE;
				CLANG_WARN_UNREACHABLE_CODE = YES;
				CLANG_WARN__DUPLICATE_METHOD_MATCH = YES;
				COPY_PHASE_STRIP = NO;
				DEBUG_INFORMATION_FORMAT = dwarf;
				ENABLE_STRICT_OBJC_MSGSEND = YES;
				ENABLE_TESTABILITY = YES;
				GCC_C_LANGUAGE_STANDARD = gnu11;
				GCC_DYNAMIC_NO_PIC = NO;
				GCC_NO_COMMON_BLOCKS = YES;
				GCC_OPTIMIZATION_LEVEL = 0;
				GCC_PREPROCESSOR_DEFINITIONS = (
					"DEBUG=1",
					"$(inherited)",
				);
				GCC_WARN_64_TO_32_BIT_CONVERSION = YES;
				GCC_WARN_ABOUT_RETURN_TYPE = YES_ERROR;
				GCC_WARN_UNDECLARED_SELECTOR = YES;
				GCC_WARN_UNINITIALIZED_AUTOS = YES_AGGRESSIVE;
				GCC_WARN_UNUSED_FUNCTION = YES;
				GCC_WARN_UNUSED_VARIABLE = YES;
				IPHONEOS_DEPLOYMENT_TARGET = 12.0;
				MTL_ENABLE_DEBUG_INFO = INCLUDE_SOURCE;
				MTL_FAST_MATH = YES;
				ONLY_ACTIVE_ARCH = YES;
				OTHER_LDFLAGS = "";
				SDKROOT = iphoneos;
				SWIFT_ACTIVE_COMPILATION_CONDITIONS = DEBUG;
				SWIFT_OPTIMIZATION_LEVEL = "-Onone";
			};
			name = Debug;
		};
		C86E5CC42525DB8700F53BEA /* Release */ = {
			isa = XCBuildConfiguration;
			buildSettings = {
				ALWAYS_SEARCH_USER_PATHS = NO;
				CLANG_ANALYZER_NONNULL = YES;
				CLANG_ANALYZER_NUMBER_OBJECT_CONVERSION = YES_AGGRESSIVE;
				CLANG_CXX_LANGUAGE_STANDARD = "gnu++14";
				CLANG_CXX_LIBRARY = "libc++";
				CLANG_ENABLE_MODULES = YES;
				CLANG_ENABLE_OBJC_ARC = YES;
				CLANG_ENABLE_OBJC_WEAK = YES;
				CLANG_WARN_BLOCK_CAPTURE_AUTORELEASING = YES;
				CLANG_WARN_BOOL_CONVERSION = YES;
				CLANG_WARN_COMMA = YES;
				CLANG_WARN_CONSTANT_CONVERSION = YES;
				CLANG_WARN_DEPRECATED_OBJC_IMPLEMENTATIONS = YES;
				CLANG_WARN_DIRECT_OBJC_ISA_USAGE = YES_ERROR;
				CLANG_WARN_DOCUMENTATION_COMMENTS = YES;
				CLANG_WARN_EMPTY_BODY = YES;
				CLANG_WARN_ENUM_CONVERSION = YES;
				CLANG_WARN_INFINITE_RECURSION = YES;
				CLANG_WARN_INT_CONVERSION = YES;
				CLANG_WARN_NON_LITERAL_NULL_CONVERSION = YES;
				CLANG_WARN_OBJC_IMPLICIT_RETAIN_SELF = YES;
				CLANG_WARN_OBJC_LITERAL_CONVERSION = YES;
				CLANG_WARN_OBJC_ROOT_CLASS = YES_ERROR;
				CLANG_WARN_QUOTED_INCLUDE_IN_FRAMEWORK_HEADER = YES;
				CLANG_WARN_RANGE_LOOP_ANALYSIS = YES;
				CLANG_WARN_STRICT_PROTOTYPES = YES;
				CLANG_WARN_SUSPICIOUS_MOVE = YES;
				CLANG_WARN_UNGUARDED_AVAILABILITY = YES_AGGRESSIVE;
				CLANG_WARN_UNREACHABLE_CODE = YES;
				CLANG_WARN__DUPLICATE_METHOD_MATCH = YES;
				COPY_PHASE_STRIP = NO;
				DEBUG_INFORMATION_FORMAT = "dwarf-with-dsym";
				ENABLE_NS_ASSERTIONS = NO;
				ENABLE_STRICT_OBJC_MSGSEND = YES;
				GCC_C_LANGUAGE_STANDARD = gnu11;
				GCC_NO_COMMON_BLOCKS = YES;
				GCC_WARN_64_TO_32_BIT_CONVERSION = YES;
				GCC_WARN_ABOUT_RETURN_TYPE = YES_ERROR;
				GCC_WARN_UNDECLARED_SELECTOR = YES;
				GCC_WARN_UNINITIALIZED_AUTOS = YES_AGGRESSIVE;
				GCC_WARN_UNUSED_FUNCTION = YES;
				GCC_WARN_UNUSED_VARIABLE = YES;
				IPHONEOS_DEPLOYMENT_TARGET = 12.0;
				MTL_ENABLE_DEBUG_INFO = NO;
				MTL_FAST_MATH = YES;
				OTHER_LDFLAGS = "";
				SDKROOT = iphoneos;
				SWIFT_COMPILATION_MODE = wholemodule;
				SWIFT_OPTIMIZATION_LEVEL = "-O";
				VALIDATE_PRODUCT = YES;
			};
			name = Release;
		};
		C86E5CC62525DB8700F53BEA /* Debug */ = {
			isa = XCBuildConfiguration;
			baseConfigurationReference = 8D3C72E2E6452206717A5F8A /* Pods-SoundClassification.debug.xcconfig */;
			buildSettings = {
				ASSETCATALOG_COMPILER_APPICON_NAME = AppIcon;
				CODE_SIGN_IDENTITY = "iPhone Developer";
				CODE_SIGN_STYLE = Manual;
				DEVELOPMENT_TEAM = EQHXZ8M8AV;
				INFOPLIST_FILE = SoundClassification/Info.plist;
				LD_RUNPATH_SEARCH_PATHS = (
					"$(inherited)",
					"@executable_path/Frameworks",
				);
				OTHER_LDFLAGS = (
					"$(inherited)",
					"-ObjC",
					"-l\"c++\"",
					"-framework",
					"\"TensorFlowLite\"",
					"-framework",
					"\"TensorFlowLiteC\"",
					"-framework",
					"\"TensorFlowLiteSelectTfOps\"",
					"-weak_framework",
					"\"CoreML\"",
					"-force_load",
					"$(SRCROOT)/Pods/TensorFlowLiteSelectTfOps/Frameworks/TensorFlowLiteSelectTfOps.framework/TensorFlowLiteSelectTfOps",
				);
				PRODUCT_BUNDLE_IDENTIFIER = com.tensorflow.SoundClassification;
				PRODUCT_NAME = "$(TARGET_NAME)";
				PROVISIONING_PROFILE_SPECIFIER = "Google Development";
				SWIFT_VERSION = 5.0;
				TARGETED_DEVICE_FAMILY = 1;
			};
			name = Debug;
		};
		C86E5CC72525DB8700F53BEA /* Release */ = {
			isa = XCBuildConfiguration;
			baseConfigurationReference = 5AFAE9051D797536BC360191 /* Pods-SoundClassification.release.xcconfig */;
			buildSettings = {
				ASSETCATALOG_COMPILER_APPICON_NAME = AppIcon;
				CODE_SIGN_IDENTITY = "iPhone Developer";
				CODE_SIGN_STYLE = Manual;
				DEVELOPMENT_TEAM = EQHXZ8M8AV;
				INFOPLIST_FILE = SoundClassification/Info.plist;
				LD_RUNPATH_SEARCH_PATHS = (
					"$(inherited)",
					"@executable_path/Frameworks",
				);
				OTHER_LDFLAGS = (
					"$(inherited)",
					"-ObjC",
					"-l\"c++\"",
					"-framework",
					"\"TensorFlowLite\"",
					"-framework",
					"\"TensorFlowLiteC\"",
					"-framework",
					"\"TensorFlowLiteSelectTfOps\"",
					"-weak_framework",
					"\"CoreML\"",
					"-force_load",
					"$(SRCROOT)/Pods/TensorFlowLiteSelectTfOps/Frameworks/TensorFlowLiteSelectTfOps.framework/TensorFlowLiteSelectTfOps",
				);
				PRODUCT_BUNDLE_IDENTIFIER = com.tensorflow.SoundClassification;
				PRODUCT_NAME = "$(TARGET_NAME)";
				PROVISIONING_PROFILE_SPECIFIER = "Google Development";
				SWIFT_VERSION = 5.0;
				TARGETED_DEVICE_FAMILY = 1;
			};
			name = Release;
		};
		C86E5CC92525DB8700F53BEA /* Debug */ = {
			isa = XCBuildConfiguration;
			buildSettings = {
				ALWAYS_EMBED_SWIFT_STANDARD_LIBRARIES = YES;
				BUNDLE_LOADER = "$(TEST_HOST)";
				CODE_SIGN_STYLE = Automatic;
				INFOPLIST_FILE = SoundClassificationTests/Info.plist;
				IPHONEOS_DEPLOYMENT_TARGET = 13.7;
				LD_RUNPATH_SEARCH_PATHS = (
					"$(inherited)",
					"@executable_path/Frameworks",
					"@loader_path/Frameworks",
				);
				PRODUCT_BUNDLE_IDENTIFIER = com.tensorflow.SoundClassificationTests;
				PRODUCT_NAME = "$(TARGET_NAME)";
				SWIFT_VERSION = 5.0;
				TARGETED_DEVICE_FAMILY = "1,2";
				TEST_HOST = "$(BUILT_PRODUCTS_DIR)/SoundClassification.app/SoundClassification";
			};
			name = Debug;
		};
		C86E5CCA2525DB8700F53BEA /* Release */ = {
			isa = XCBuildConfiguration;
			buildSettings = {
				ALWAYS_EMBED_SWIFT_STANDARD_LIBRARIES = YES;
				BUNDLE_LOADER = "$(TEST_HOST)";
				CODE_SIGN_STYLE = Automatic;
				INFOPLIST_FILE = SoundClassificationTests/Info.plist;
				IPHONEOS_DEPLOYMENT_TARGET = 13.7;
				LD_RUNPATH_SEARCH_PATHS = (
					"$(inherited)",
					"@executable_path/Frameworks",
					"@loader_path/Frameworks",
				);
				PRODUCT_BUNDLE_IDENTIFIER = com.tensorflow.SoundClassificationTests;
				PRODUCT_NAME = "$(TARGET_NAME)";
				SWIFT_VERSION = 5.0;
				TARGETED_DEVICE_FAMILY = "1,2";
				TEST_HOST = "$(BUILT_PRODUCTS_DIR)/SoundClassification.app/SoundClassification";
			};
			name = Release;
		};
		C86E5CCC2525DB8700F53BEA /* Debug */ = {
			isa = XCBuildConfiguration;
			buildSettings = {
				ALWAYS_EMBED_SWIFT_STANDARD_LIBRARIES = YES;
				CODE_SIGN_STYLE = Automatic;
				INFOPLIST_FILE = SoundClassificationUITests/Info.plist;
				LD_RUNPATH_SEARCH_PATHS = (
					"$(inherited)",
					"@executable_path/Frameworks",
					"@loader_path/Frameworks",
				);
				PRODUCT_BUNDLE_IDENTIFIER = com.tensorflow.SoundClassificationUITests;
				PRODUCT_NAME = "$(TARGET_NAME)";
				SWIFT_VERSION = 5.0;
				TARGETED_DEVICE_FAMILY = "1,2";
				TEST_TARGET_NAME = SoundClassification;
			};
			name = Debug;
		};
		C86E5CCD2525DB8700F53BEA /* Release */ = {
			isa = XCBuildConfiguration;
			buildSettings = {
				ALWAYS_EMBED_SWIFT_STANDARD_LIBRARIES = YES;
				CODE_SIGN_STYLE = Automatic;
				INFOPLIST_FILE = SoundClassificationUITests/Info.plist;
				LD_RUNPATH_SEARCH_PATHS = (
					"$(inherited)",
					"@executable_path/Frameworks",
					"@loader_path/Frameworks",
				);
				PRODUCT_BUNDLE_IDENTIFIER = com.tensorflow.SoundClassificationUITests;
				PRODUCT_NAME = "$(TARGET_NAME)";
				SWIFT_VERSION = 5.0;
				TARGETED_DEVICE_FAMILY = "1,2";
				TEST_TARGET_NAME = SoundClassification;
			};
			name = Release;
		};
/* End XCBuildConfiguration section */

/* Begin XCConfigurationList section */
		C86E5C962525DB8400F53BEA /* Build configuration list for PBXProject "SoundClassification" */ = {
			isa = XCConfigurationList;
			buildConfigurations = (
				C86E5CC32525DB8700F53BEA /* Debug */,
				C86E5CC42525DB8700F53BEA /* Release */,
			);
			defaultConfigurationIsVisible = 0;
			defaultConfigurationName = Release;
		};
		C86E5CC52525DB8700F53BEA /* Build configuration list for PBXNativeTarget "SoundClassification" */ = {
			isa = XCConfigurationList;
			buildConfigurations = (
				C86E5CC62525DB8700F53BEA /* Debug */,
				C86E5CC72525DB8700F53BEA /* Release */,
			);
			defaultConfigurationIsVisible = 0;
			defaultConfigurationName = Release;
		};
		C86E5CC82525DB8700F53BEA /* Build configuration list for PBXNativeTarget "SoundClassificationTests" */ = {
			isa = XCConfigurationList;
			buildConfigurations = (
				C86E5CC92525DB8700F53BEA /* Debug */,
				C86E5CCA2525DB8700F53BEA /* Release */,
			);
			defaultConfigurationIsVisible = 0;
			defaultConfigurationName = Release;
		};
		C86E5CCB2525DB8700F53BEA /* Build configuration list for PBXNativeTarget "SoundClassificationUITests" */ = {
			isa = XCConfigurationList;
			buildConfigurations = (
				C86E5CCC2525DB8700F53BEA /* Debug */,
				C86E5CCD2525DB8700F53BEA /* Release */,
			);
			defaultConfigurationIsVisible = 0;
			defaultConfigurationName = Release;
		};
/* End XCConfigurationList section */
	};
	rootObject = C86E5C932525DB8400F53BEA /* Project object */;
}
