// !$*UTF8*$!
{
	archiveVersion = 1;
	classes = {
	};
	objectVersion = 51;
	objects = {

/* Begin PBXBuildFile section */
		7F2AAA5122FAB86900C66F75 /* AppDelegate.swift in Sources */ = {isa = PBXBuildFile; fileRef = 7F2AAA5022FAB86900C66F75 /* AppDelegate.swift */; };
		7F2AAA5322FAB86900C66F75 /* ViewController.swift in Sources */ = {isa = PBXBuildFile; fileRef = 7F2AAA5222FAB86900C66F75 /* ViewController.swift */; };
		7F2AAA5622FAB86900C66F75 /* Main.storyboard in Resources */ = {isa = PBXBuildFile; fileRef = 7F2AAA5422FAB86900C66F75 /* Main.storyboard */; };
		7F2AAA5822FAB86C00C66F75 /* Assets.xcassets in Resources */ = {isa = PBXBuildFile; fileRef = 7F2AAA5722FAB86C00C66F75 /* Assets.xcassets */; };
		7F2AAA5B22FAB86C00C66F75 /* LaunchScreen.storyboard in Resources */ = {isa = PBXBuildFile; fileRef = 7F2AAA5922FAB86C00C66F75 /* LaunchScreen.storyboard */; };
		8D7F3B3B252E430D0092CF30 /* text_classification.tflite in Resources */ = {isa = PBXBuildFile; fileRef = 8D7F3B3A252E41D60092CF30 /* text_classification.tflite */; };
		988E024BBDD5EDF43E0F931D /* Pods_TextClassification.framework in Frameworks */ = {isa = PBXBuildFile; fileRef = F7AD92C95AE1E2AE57F64D86 /* Pods_TextClassification.framework */; };
/* End PBXBuildFile section */

/* Begin PBXFileReference section */
		2AFC10A451D1067367ED5F89 /* Pods-TextClassification.release.xcconfig */ = {isa = PBXFileReference; includeInIndex = 1; lastKnownFileType = text.xcconfig; name = "Pods-TextClassification.release.xcconfig"; path = "Target Support Files/Pods-TextClassification/Pods-TextClassification.release.xcconfig"; sourceTree = "<group>"; };
		3145779E2698069303666999 /* Pods-TextClassification.debug.xcconfig */ = {isa = PBXFileReference; includeInIndex = 1; lastKnownFileType = text.xcconfig; name = "Pods-TextClassification.debug.xcconfig"; path = "Target Support Files/Pods-TextClassification/Pods-TextClassification.debug.xcconfig"; sourceTree = "<group>"; };
		7F2AAA4D22FAB86900C66F75 /* TFL TextClassification.app */ = {isa = PBXFileReference; explicitFileType = wrapper.application; includeInIndex = 0; path = "TFL TextClassification.app"; sourceTree = BUILT_PRODUCTS_DIR; };
		7F2AAA5022FAB86900C66F75 /* AppDelegate.swift */ = {isa = PBXFileReference; lastKnownFileType = sourcecode.swift; path = AppDelegate.swift; sourceTree = "<group>"; };
		7F2AAA5222FAB86900C66F75 /* ViewController.swift */ = {isa = PBXFileReference; lastKnownFileType = sourcecode.swift; path = ViewController.swift; sourceTree = "<group>"; };
		7F2AAA5522FAB86900C66F75 /* Base */ = {isa = PBXFileReference; lastKnownFileType = file.storyboard; name = Base; path = Base.lproj/Main.storyboard; sourceTree = "<group>"; };
		7F2AAA5722FAB86C00C66F75 /* Assets.xcassets */ = {isa = PBXFileReference; lastKnownFileType = folder.assetcatalog; path = Assets.xcassets; sourceTree = "<group>"; };
		7F2AAA5A22FAB86C00C66F75 /* Base */ = {isa = PBXFileReference; lastKnownFileType = file.storyboard; name = Base; path = Base.lproj/LaunchScreen.storyboard; sourceTree = "<group>"; };
		7F2AAA5C22FAB86C00C66F75 /* Info.plist */ = {isa = PBXFileReference; lastKnownFileType = text.plist.xml; path = Info.plist; sourceTree = "<group>"; };
		8D7F3B3A252E41D60092CF30 /* text_classification.tflite */ = {isa = PBXFileReference; lastKnownFileType = file; path = text_classification.tflite; sourceTree = "<group>"; };
		F7AD92C95AE1E2AE57F64D86 /* Pods_TextClassification.framework */ = {isa = PBXFileReference; explicitFileType = wrapper.framework; includeInIndex = 0; path = Pods_TextClassification.framework; sourceTree = BUILT_PRODUCTS_DIR; };
/* End PBXFileReference section */

/* Begin PBXFrameworksBuildPhase section */
		7F2AAA4A22FAB86900C66F75 /* Frameworks */ = {
			isa = PBXFrameworksBuildPhase;
			buildActionMask = 2147483647;
			files = (
				988E024BBDD5EDF43E0F931D /* Pods_TextClassification.framework in Frameworks */,
			);
			runOnlyForDeploymentPostprocessing = 0;
		};
/* End PBXFrameworksBuildPhase section */

/* Begin PBXGroup section */
		1D1C753F1A21986AD6BC22C4 /* Frameworks */ = {
			isa = PBXGroup;
			children = (
				F7AD92C95AE1E2AE57F64D86 /* Pods_TextClassification.framework */,
			);
			name = Frameworks;
			sourceTree = "<group>";
		};
		7F2AAA4422FAB86900C66F75 = {
			isa = PBXGroup;
			children = (
				7F2AAA4F22FAB86900C66F75 /* TextClassification */,
				7F2AAA4E22FAB86900C66F75 /* Products */,
				E31751D2CA91CF060D46ED54 /* Pods */,
				1D1C753F1A21986AD6BC22C4 /* Frameworks */,
			);
			sourceTree = "<group>";
		};
		7F2AAA4E22FAB86900C66F75 /* Products */ = {
			isa = PBXGroup;
			children = (
				7F2AAA4D22FAB86900C66F75 /* TFL TextClassification.app */,
			);
			name = Products;
			sourceTree = "<group>";
		};
		7F2AAA4F22FAB86900C66F75 /* TextClassification */ = {
			isa = PBXGroup;
			children = (
				7F2AAA5022FAB86900C66F75 /* AppDelegate.swift */,
				7F2AAA5222FAB86900C66F75 /* ViewController.swift */,
				7F2AAA5422FAB86900C66F75 /* Main.storyboard */,
				7F2AAA5722FAB86C00C66F75 /* Assets.xcassets */,
				7F2AAA5922FAB86C00C66F75 /* LaunchScreen.storyboard */,
				7F2AAA5C22FAB86C00C66F75 /* Info.plist */,
				8D7F3B3A252E41D60092CF30 /* text_classification.tflite */,
			);
			path = TextClassification;
			sourceTree = "<group>";
		};
		E31751D2CA91CF060D46ED54 /* Pods */ = {
			isa = PBXGroup;
			children = (
				3145779E2698069303666999 /* Pods-TextClassification.debug.xcconfig */,
				2AFC10A451D1067367ED5F89 /* Pods-TextClassification.release.xcconfig */,
			);
			path = Pods;
			sourceTree = "<group>";
		};
/* End PBXGroup section */

/* Begin PBXNativeTarget section */
		7F2AAA4C22FAB86900C66F75 /* TextClassification */ = {
			isa = PBXNativeTarget;
			buildConfigurationList = 7F2AAA5F22FAB86C00C66F75 /* Build configuration list for PBXNativeTarget "TextClassification" */;
			buildPhases = (
				40E115FAA050A10A89659263 /* [CP] Check Pods Manifest.lock */,
				7F5EEAE82333630A00A72F0E /* Download TF Lite model */,
				7F2AAA4922FAB86900C66F75 /* Sources */,
				7F2AAA4A22FAB86900C66F75 /* Frameworks */,
				7F2AAA4B22FAB86900C66F75 /* Resources */,
				ACA70D4179FEEDAAF7830155 /* [CP] Embed Pods Frameworks */,
			);
			buildRules = (
			);
			dependencies = (
			);
			name = TextClassification;
			productName = TextClassification;
			productReference = 7F2AAA4D22FAB86900C66F75 /* TFL TextClassification.app */;
			productType = "com.apple.product-type.application";
		};
/* End PBXNativeTarget section */

/* Begin PBXProject section */
		7F2AAA4522FAB86900C66F75 /* Project object */ = {
			isa = PBXProject;
			attributes = {
				LastSwiftUpdateCheck = 1030;
				LastUpgradeCheck = 1030;
				ORGANIZATIONNAME = "Google Inc.";
				TargetAttributes = {
					7F2AAA4C22FAB86900C66F75 = {
						CreatedOnToolsVersion = 10.3;
					};
				};
			};
			buildConfigurationList = 7F2AAA4822FAB86900C66F75 /* Build configuration list for PBXProject "TextClassification" */;
			compatibilityVersion = "Xcode 9.3";
			developmentRegion = en;
			hasScannedForEncodings = 0;
			knownRegions = (
				en,
				Base,
			);
			mainGroup = 7F2AAA4422FAB86900C66F75;
			productRefGroup = 7F2AAA4E22FAB86900C66F75 /* Products */;
			projectDirPath = "";
			projectRoot = "";
			targets = (
				7F2AAA4C22FAB86900C66F75 /* TextClassification */,
			);
		};
/* End PBXProject section */

/* Begin PBXResourcesBuildPhase section */
		7F2AAA4B22FAB86900C66F75 /* Resources */ = {
			isa = PBXResourcesBuildPhase;
			buildActionMask = 2147483647;
			files = (
				8D7F3B3B252E430D0092CF30 /* text_classification.tflite in Resources */,
				7F2AAA5B22FAB86C00C66F75 /* LaunchScreen.storyboard in Resources */,
				7F2AAA5822FAB86C00C66F75 /* Assets.xcassets in Resources */,
				7F2AAA5622FAB86900C66F75 /* Main.storyboard in Resources */,
			);
			runOnlyForDeploymentPostprocessing = 0;
		};
/* End PBXResourcesBuildPhase section */

/* Begin PBXShellScriptBuildPhase section */
		40E115FAA050A10A89659263 /* [CP] Check Pods Manifest.lock */ = {
			isa = PBXShellScriptBuildPhase;
			buildActionMask = 2147483647;
			files = (
			);
			inputFileListPaths = (
			);
			inputPaths = (
				"${PODS_PODFILE_DIR_PATH}/Podfile.lock",
				"${PODS_ROOT}/Manifest.lock",
			);
			name = "[CP] Check Pods Manifest.lock";
			outputFileListPaths = (
			);
			outputPaths = (
				"$(DERIVED_FILE_DIR)/Pods-TextClassification-checkManifestLockResult.txt",
			);
			runOnlyForDeploymentPostprocessing = 0;
			shellPath = /bin/sh;
			shellScript = "diff \"${PODS_PODFILE_DIR_PATH}/Podfile.lock\" \"${PODS_ROOT}/Manifest.lock\" > /dev/null\nif [ $? != 0 ] ; then\n    # print error to STDERR\n    echo \"error: The sandbox is not in sync with the Podfile.lock. Run 'pod install' or update your CocoaPods installation.\" >&2\n    exit 1\nfi\n# This output is used by Xcode 'outputs' to avoid re-running this script phase.\necho \"SUCCESS\" > \"${SCRIPT_OUTPUT_FILE_0}\"\n";
			showEnvVarsInLog = 0;
		};
		7F5EEAE82333630A00A72F0E /* Download TF Lite model */ = {
			isa = PBXShellScriptBuildPhase;
			buildActionMask = 2147483647;
			files = (
			);
			inputFileListPaths = (
			);
			inputPaths = (
			);
			name = "Download TF Lite model";
			outputFileListPaths = (
			);
			outputPaths = (
			);
			runOnlyForDeploymentPostprocessing = 0;
			shellPath = /bin/sh;
			shellScript = "# Download mnist.tflite from the internet if it's not exist.\nTFLITE_FILE=${SRCROOT}/TextClassification/text_classification.tflite\nif test -f \"$TFLITE_FILE\"; then\n    echo \"INFO: text_classification.tflite existed. Skip downloading and use the local model.\"\nelse\n    curl -o ${TFLITE_FILE} https://storage.googleapis.com/download.tensorflow.org/models/tflite/task_library/text_classification/ios/text_classification_v2.tflite\n    echo \"INFO: Downloaded text_classification.tflite to $TFLITE_FILE .\"\nfi\n\n";
		};
		ACA70D4179FEEDAAF7830155 /* [CP] Embed Pods Frameworks */ = {
			isa = PBXShellScriptBuildPhase;
			buildActionMask = 2147483647;
			files = (
			);
			inputFileListPaths = (
				"${PODS_ROOT}/Target Support Files/Pods-TextClassification/Pods-TextClassification-frameworks-${CONFIGURATION}-input-files.xcfilelist",
			);
			name = "[CP] Embed Pods Frameworks";
			outputFileListPaths = (
				"${PODS_ROOT}/Target Support Files/Pods-TextClassification/Pods-TextClassification-frameworks-${CONFIGURATION}-output-files.xcfilelist",
			);
			runOnlyForDeploymentPostprocessing = 0;
			shellPath = /bin/sh;
			shellScript = "\"${PODS_ROOT}/Target Support Files/Pods-TextClassification/Pods-TextClassification-frameworks.sh\"\n";
			showEnvVarsInLog = 0;
		};
/* End PBXShellScriptBuildPhase section */

/* Begin PBXSourcesBuildPhase section */
		7F2AAA4922FAB86900C66F75 /* Sources */ = {
			isa = PBXSourcesBuildPhase;
			buildActionMask = 2147483647;
			files = (
				7F2AAA5322FAB86900C66F75 /* ViewController.swift in Sources */,
				7F2AAA5122FAB86900C66F75 /* AppDelegate.swift in Sources */,
			);
			runOnlyForDeploymentPostprocessing = 0;
		};
/* End PBXSourcesBuildPhase section */

/* Begin PBXVariantGroup section */
		7F2AAA5422FAB86900C66F75 /* Main.storyboard */ = {
			isa = PBXVariantGroup;
			children = (
				7F2AAA5522FAB86900C66F75 /* Base */,
			);
			name = Main.storyboard;
			sourceTree = "<group>";
		};
		7F2AAA5922FAB86C00C66F75 /* LaunchScreen.storyboard */ = {
			isa = PBXVariantGroup;
			children = (
				7F2AAA5A22FAB86C00C66F75 /* Base */,
			);
			name = LaunchScreen.storyboard;
			sourceTree = "<group>";
		};
/* End PBXVariantGroup section */

/* Begin XCBuildConfiguration section */
		7F2AAA5D22FAB86C00C66F75 /* Debug */ = {
			isa = XCBuildConfiguration;
			buildSettings = {
				ALWAYS_SEARCH_USER_PATHS = NO;
				CLANG_ANALYZER_NONNULL = YES;
				CLANG_ANALYZER_NUMBER_OBJECT_CONVERSION = YES_AGGRESSIVE;
				CLANG_CXX_LANGUAGE_STANDARD = "gnu++14";
				CLANG_CXX_LIBRARY = "libc++";
				CLANG_ENABLE_MODULES = YES;
				CLANG_ENABLE_OBJC_ARC = YES;
				CLANG_ENABLE_OBJC_WEAK = YES;
				CLANG_WARN_BLOCK_CAPTURE_AUTORELEASING = YES;
				CLANG_WARN_BOOL_CONVERSION = YES;
				CLANG_WARN_COMMA = YES;
				CLANG_WARN_CONSTANT_CONVERSION = YES;
				CLANG_WARN_DEPRECATED_OBJC_IMPLEMENTATIONS = YES;
				CLANG_WARN_DIRECT_OBJC_ISA_USAGE = YES_ERROR;
				CLANG_WARN_DOCUMENTATION_COMMENTS = YES;
				CLANG_WARN_EMPTY_BODY = YES;
				CLANG_WARN_ENUM_CONVERSION = YES;
				CLANG_WARN_INFINITE_RECURSION = YES;
				CLANG_WARN_INT_CONVERSION = YES;
				CLANG_WARN_NON_LITERAL_NULL_CONVERSION = YES;
				CLANG_WARN_OBJC_IMPLICIT_RETAIN_SELF = YES;
				CLANG_WARN_OBJC_LITERAL_CONVERSION = YES;
				CLANG_WARN_OBJC_ROOT_CLASS = YES_ERROR;
				CLANG_WARN_RANGE_LOOP_ANALYSIS = YES;
				CLANG_WARN_STRICT_PROTOTYPES = YES;
				CLANG_WARN_SUSPICIOUS_MOVE = YES;
				CLANG_WARN_UNGUARDED_AVAILABILITY = YES_AGGRESSIVE;
				CLANG_WARN_UNREACHABLE_CODE = YES;
				CLANG_WARN__DUPLICATE_METHOD_MATCH = YES;
				CODE_SIGN_IDENTITY = "iPhone Developer";
				COPY_PHASE_STRIP = NO;
				DEBUG_INFORMATION_FORMAT = dwarf;
				ENABLE_STRICT_OBJC_MSGSEND = YES;
				ENABLE_TESTABILITY = YES;
				GCC_C_LANGUAGE_STANDARD = gnu11;
				GCC_DYNAMIC_NO_PIC = NO;
				GCC_NO_COMMON_BLOCKS = YES;
				GCC_OPTIMIZATION_LEVEL = 0;
				GCC_PREPROCESSOR_DEFINITIONS = (
					"DEBUG=1",
					"$(inherited)",
				);
				GCC_WARN_64_TO_32_BIT_CONVERSION = YES;
				GCC_WARN_ABOUT_RETURN_TYPE = YES_ERROR;
				GCC_WARN_UNDECLARED_SELECTOR = YES;
				GCC_WARN_UNINITIALIZED_AUTOS = YES_AGGRESSIVE;
				GCC_WARN_UNUSED_FUNCTION = YES;
				GCC_WARN_UNUSED_VARIABLE = YES;
				IPHONEOS_DEPLOYMENT_TARGET = 12.4;
				MTL_ENABLE_DEBUG_INFO = INCLUDE_SOURCE;
				MTL_FAST_MATH = YES;
				ONLY_ACTIVE_ARCH = YES;
				SDKROOT = iphoneos;
				SWIFT_ACTIVE_COMPILATION_CONDITIONS = DEBUG;
				SWIFT_OPTIMIZATION_LEVEL = "-Onone";
			};
			name = Debug;
		};
		7F2AAA5E22FAB86C00C66F75 /* Release */ = {
			isa = XCBuildConfiguration;
			buildSettings = {
				ALWAYS_SEARCH_USER_PATHS = NO;
				CLANG_ANALYZER_NONNULL = YES;
				CLANG_ANALYZER_NUMBER_OBJECT_CONVERSION = YES_AGGRESSIVE;
				CLANG_CXX_LANGUAGE_STANDARD = "gnu++14";
				CLANG_CXX_LIBRARY = "libc++";
				CLANG_ENABLE_MODULES = YES;
				CLANG_ENABLE_OBJC_ARC = YES;
				CLANG_ENABLE_OBJC_WEAK = YES;
				CLANG_WARN_BLOCK_CAPTURE_AUTORELEASING = YES;
				CLANG_WARN_BOOL_CONVERSION = YES;
				CLANG_WARN_COMMA = YES;
				CLANG_WARN_CONSTANT_CONVERSION = YES;
				CLANG_WARN_DEPRECATED_OBJC_IMPLEMENTATIONS = YES;
				CLANG_WARN_DIRECT_OBJC_ISA_USAGE = YES_ERROR;
				CLANG_WARN_DOCUMENTATION_COMMENTS = YES;
				CLANG_WARN_EMPTY_BODY = YES;
				CLANG_WARN_ENUM_CONVERSION = YES;
				CLANG_WARN_INFINITE_RECURSION = YES;
				CLANG_WARN_INT_CONVERSION = YES;
				CLANG_WARN_NON_LITERAL_NULL_CONVERSION = YES;
				CLANG_WARN_OBJC_IMPLICIT_RETAIN_SELF = YES;
				CLANG_WARN_OBJC_LITERAL_CONVERSION = YES;
				CLANG_WARN_OBJC_ROOT_CLASS = YES_ERROR;
				CLANG_WARN_RANGE_LOOP_ANALYSIS = YES;
				CLANG_WARN_STRICT_PROTOTYPES = YES;
				CLANG_WARN_SUSPICIOUS_MOVE = YES;
				CLANG_WARN_UNGUARDED_AVAILABILITY = YES_AGGRESSIVE;
				CLANG_WARN_UNREACHABLE_CODE = YES;
				CLANG_WARN__DUPLICATE_METHOD_MATCH = YES;
				CODE_SIGN_IDENTITY = "iPhone Developer";
				COPY_PHASE_STRIP = NO;
				DEBUG_INFORMATION_FORMAT = "dwarf-with-dsym";
				ENABLE_NS_ASSERTIONS = NO;
				ENABLE_STRICT_OBJC_MSGSEND = YES;
				GCC_C_LANGUAGE_STANDARD = gnu11;
				GCC_NO_COMMON_BLOCKS = YES;
				GCC_WARN_64_TO_32_BIT_CONVERSION = YES;
				GCC_WARN_ABOUT_RETURN_TYPE = YES_ERROR;
				GCC_WARN_UNDECLARED_SELECTOR = YES;
				GCC_WARN_UNINITIALIZED_AUTOS = YES_AGGRESSIVE;
				GCC_WARN_UNUSED_FUNCTION = YES;
				GCC_WARN_UNUSED_VARIABLE = YES;
				IPHONEOS_DEPLOYMENT_TARGET = 12.4;
				MTL_ENABLE_DEBUG_INFO = NO;
				MTL_FAST_MATH = YES;
				SDKROOT = iphoneos;
				SWIFT_COMPILATION_MODE = wholemodule;
				SWIFT_OPTIMIZATION_LEVEL = "-O";
				VALIDATE_PRODUCT = YES;
			};
			name = Release;
		};
		7F2AAA6022FAB86C00C66F75 /* Debug */ = {
			isa = XCBuildConfiguration;
			baseConfigurationReference = 3145779E2698069303666999 /* Pods-TextClassification.debug.xcconfig */;
			buildSettings = {
				ASSETCATALOG_COMPILER_APPICON_NAME = AppIcon;
				CODE_SIGN_STYLE = Manual;
				DEVELOPMENT_TEAM = PNR9X9TVFG;
				INFOPLIST_FILE = TextClassification/Info.plist;
				IPHONEOS_DEPLOYMENT_TARGET = 12.0;
				LD_RUNPATH_SEARCH_PATHS = (
					"$(inherited)",
					"@executable_path/Frameworks",
				);
				PRODUCT_BUNDLE_IDENTIFIER = com.google.examples.TextClassification;
				PRODUCT_NAME = "TFL TextClassification";
				PROVISIONING_PROFILE_SPECIFIER = Wildcard;
				SWIFT_VERSION = 5.0;
				TARGETED_DEVICE_FAMILY = "1,2";
			};
			name = Debug;
		};
		7F2AAA6122FAB86C00C66F75 /* Release */ = {
			isa = XCBuildConfiguration;
			baseConfigurationReference = 2AFC10A451D1067367ED5F89 /* Pods-TextClassification.release.xcconfig */;
			buildSettings = {
				ASSETCATALOG_COMPILER_APPICON_NAME = AppIcon;
				CODE_SIGN_STYLE = Manual;
				DEVELOPMENT_TEAM = PNR9X9TVFG;
				INFOPLIST_FILE = TextClassification/Info.plist;
				IPHONEOS_DEPLOYMENT_TARGET = 12.0;
				LD_RUNPATH_SEARCH_PATHS = (
					"$(inherited)",
					"@executable_path/Frameworks",
				);
				PRODUCT_BUNDLE_IDENTIFIER = com.google.examples.TextClassification;
				PRODUCT_NAME = "TFL TextClassification";
				PROVISIONING_PROFILE_SPECIFIER = Wildcard;
				SWIFT_VERSION = 5.0;
				TARGETED_DEVICE_FAMILY = "1,2";
			};
			name = Release;
		};
/* End XCBuildConfiguration section */

/* Begin XCConfigurationList section */
		7F2AAA4822FAB86900C66F75 /* Build configuration list for PBXProject "TextClassification" */ = {
			isa = XCConfigurationList;
			buildConfigurations = (
				7F2AAA5D22FAB86C00C66F75 /* Debug */,
				7F2AAA5E22FAB86C00C66F75 /* Release */,
			);
			defaultConfigurationIsVisible = 0;
			defaultConfigurationName = Release;
		};
		7F2AAA5F22FAB86C00C66F75 /* Build configuration list for PBXNativeTarget "TextClassification" */ = {
			isa = XCConfigurationList;
			buildConfigurations = (
				7F2AAA6022FAB86C00C66F75 /* Debug */,
				7F2AAA6122FAB86C00C66F75 /* Release */,
			);
			defaultConfigurationIsVisible = 0;
			defaultConfigurationName = Release;
		};
/* End XCConfigurationList section */
	};
	rootObject = 7F2AAA4522FAB86900C66F75 /* Project object */;
}
