PODS:
  - TensorFlowLiteC (0.0.1-nightly.20230414):
    - TensorFlowLiteC/Core (= 0.0.1-nightly.20230414)
  - TensorFlowLiteC/Core (0.0.1-nightly.20230414)
  - TensorFlowLiteSwift (0.0.1-nightly.20230414):
    - TensorFlowLiteSwift/Core (= 0.0.1-nightly.20230414)
  - TensorFlowLiteSwift/Core (0.0.1-nightly.20230414):
    - TensorFlowLiteC (= 0.0.1-nightly.20230414)

DEPENDENCIES:
  - TensorFlowLiteSwift (~> 0.0.1-nightly)

SPEC REPOS:
  trunk:
    - TensorFlowLiteC
    - TensorFlowLiteSwift

SPEC CHECKSUMS:
  TensorFlowLiteC: 4be15280d83d99db541130dc4e9c42d161d25a72
  TensorFlowLiteSwift: f44f4a930f33713ab1c0f766feb6e5f4e112f16a

PODFILE CHECKSUM: 250d15b88b2f47dbe5b1eb78f3195e74e7ad45e9

COCOAPODS: 1.12.0