PODS:
  - TensorFlowLiteC (0.0.1-nightly.20230405):
    - TensorFlowLiteC/Core (= 0.0.1-nightly.20230405)
  - TensorFlowLiteC/Core (0.0.1-nightly.20230405)
  - TensorFlowLiteC/Metal (0.0.1-nightly.20230405):
    - TensorFlowLiteC/Core
  - TensorFlowLiteSwift/Core (0.0.1-nightly.20230405):
    - TensorFlowLiteC (= 0.0.1-nightly.20230405)
  - TensorFlowLiteSwift/Metal (0.0.1-nightly.20230405):
    - TensorFlowLiteC/Metal (= 0.0.1-nightly.20230405)
    - TensorFlowLiteSwift/Core (= 0.0.1-nightly.20230405)

DEPENDENCIES:
  - TensorFlowLiteSwift/Metal (~> 0.0.1-nightly)

SPEC REPOS:
  trunk:
    - TensorFlowLiteC
    - TensorFlowLiteSwift

SPEC CHECKSUMS:
  TensorFlowLiteC: 3deccb9fc6560cf521735fffb1ff438f07435e42
  TensorFlowLiteSwift: f82f3d45b76bf3611727a731b000c6e93a1d9e9a

PODFILE CHECKSUM: 766091708848b08fd69d9503c7aa34353af64a6b

COCOAPODS: 1.11.3
