PODS:
  - TensorFlowLiteC (0.0.1-nightly.20200423)
  - TensorFlowLiteSwift (0.0.1-nightly):
    - TensorFlowLiteC (~> 0.0.1-nightly)

DEPENDENCIES:
  - TensorFlowLiteSwift (= 0.0.1-nightly)

SPEC REPOS:
  trunk:
    - TensorFlowLiteC
    - TensorFlowLiteSwift

SPEC CHECKSUMS:
  TensorFlowLiteC: 10235bd2e5a34928674be465957573a9fb25a07f
  TensorFlowLiteSwift: 1db618cb4fd98077b679ff75911771e25a6e0d14

PODFILE CHECKSUM: 1599407ba2af1aadc1dfbb82edac1e61b2ada2e5

COCOAPODS: 1.9.1
