PODS:
  - TensorFlowLiteC (0.0.1-nightly.20200412)
  - TensorFlowLiteSwift (0.0.1-nightly):
    - TensorFlowLiteC (~> 0.0.1-nightly)

DEPENDENCIES:
  - TensorFlowLiteSwift (= 0.0.1-nightly)

SPEC REPOS:
  trunk:
    - TensorFlowLiteC
    - TensorFlowLiteSwift

SPEC CHECKSUMS:
  TensorFlowLiteC: 83a6769e2100850e3ac728b912cf5ef297fb7b9b
  TensorFlowLiteSwift: 1db618cb4fd98077b679ff75911771e25a6e0d14

PODFILE CHECKSUM: 14f77372c9b0dcfcb00999f99180933e0b554b8f

COCOAPODS: 1.8.4
