PODS:
  - GoogleToolboxForMac (2.3.1):
    - GoogleToolboxForMac/Core (= 2.3.1)
    - GoogleToolboxForMac/Defines (= 2.3.1)
    - GoogleToolboxForMac/GeometryUtils (= 2.3.1)
    - GoogleToolboxForMac/KVO (= 2.3.1)
    - GoogleToolboxForMac/Logger (= 2.3.1)
    - "GoogleToolboxForMac/NSData+zlib (= 2.3.1)"
    - "GoogleToolboxForMac/NSDictionary+URLArguments (= 2.3.1)"
    - "GoogleToolboxForMac/NSFileHandle+UniqueName (= 2.3.1)"
    - "GoogleToolboxForMac/NSScanner+JSON (= 2.3.1)"
    - "GoogleToolboxForMac/NSString+HTML (= 2.3.1)"
    - "GoogleToolboxForMac/NSString+URLArguments (= 2.3.1)"
    - "GoogleToolboxForMac/NSString+XML (= 2.3.1)"
    - "GoogleToolboxForMac/NSThread+Blocks (= 2.3.1)"
    - GoogleToolboxForMac/Regex (= 2.3.1)
    - GoogleToolboxForMac/StringEncoding (= 2.3.1)
    - GoogleToolboxForMac/SystemVersion (= 2.3.1)
    - GoogleToolboxForMac/URLBuilder (= 2.3.1)
  - GoogleToolboxForMac/Core (2.3.1):
    - GoogleToolboxForMac/Defines (= 2.3.1)
  - GoogleToolboxForMac/DebugUtils (2.3.1):
    - GoogleToolboxForMac/Defines (= 2.3.1)
  - GoogleToolboxForMac/Defines (2.3.1)
  - GoogleToolboxForMac/GeometryUtils (2.3.1):
    - GoogleToolboxForMac/Defines (= 2.3.1)
  - GoogleToolboxForMac/KVO (2.3.1):
    - GoogleToolboxForMac/Core (= 2.3.1)
    - GoogleToolboxForMac/DebugUtils (= 2.3.1)
  - GoogleToolboxForMac/Logger (2.3.1):
    - GoogleToolboxForMac/Defines (= 2.3.1)
  - "GoogleToolboxForMac/NSData+zlib (2.3.1)":
    - GoogleToolboxForMac/Defines (= 2.3.1)
  - "GoogleToolboxForMac/NSDictionary+URLArguments (2.3.1)":
    - GoogleToolboxForMac/DebugUtils (= 2.3.1)
    - GoogleToolboxForMac/Defines (= 2.3.1)
    - "GoogleToolboxForMac/NSString+URLArguments (= 2.3.1)"
  - "GoogleToolboxForMac/NSFileHandle+UniqueName (2.3.1)":
    - GoogleToolboxForMac/Defines (= 2.3.1)
  - "GoogleToolboxForMac/NSScanner+JSON (2.3.1)":
    - GoogleToolboxForMac/Defines (= 2.3.1)
  - "GoogleToolboxForMac/NSString+HTML (2.3.1)":
    - GoogleToolboxForMac/Core (= 2.3.1)
  - "GoogleToolboxForMac/NSString+URLArguments (2.3.1)"
  - "GoogleToolboxForMac/NSString+XML (2.3.1)":
    - GoogleToolboxForMac/Defines (= 2.3.1)
  - "GoogleToolboxForMac/NSThread+Blocks (2.3.1)":
    - GoogleToolboxForMac/Defines (= 2.3.1)
  - GoogleToolboxForMac/Regex (2.3.1):
    - GoogleToolboxForMac/Defines (= 2.3.1)
  - GoogleToolboxForMac/StringEncoding (2.3.1):
    - GoogleToolboxForMac/Defines (= 2.3.1)
  - GoogleToolboxForMac/SystemVersion (2.3.1):
    - GoogleToolboxForMac/Defines (= 2.3.1)
  - GoogleToolboxForMac/URLBuilder (2.3.1):
    - GoogleToolboxForMac/Core (= 2.3.1)
    - GoogleToolboxForMac/Defines (= 2.3.1)
    - "GoogleToolboxForMac/NSDictionary+URLArguments (= 2.3.1)"
    - "GoogleToolboxForMac/NSString+URLArguments (= 2.3.1)"
  - TensorFlowLiteTaskText (0.2.0):
    - GoogleToolboxForMac (~> 2.2)

DEPENDENCIES:
  - TensorFlowLiteTaskText

SPEC REPOS:
  trunk:
    - GoogleToolboxForMac
    - TensorFlowLiteTaskText

SPEC CHECKSUMS:
  GoogleToolboxForMac: 471e0c05d39506e50e6398f46fa9a12ae0efeff9
  TensorFlowLiteTaskText: c8250e1fbc279f3fb45b84f82a4ad968bb751688

PODFILE CHECKSUM: 0824f3f469110c22d79fb0278a39919e5d4e1024

COCOAPODS: 1.10.1
