// !$*UTF8*$!
{
	archiveVersion = 1;
	classes = {
	};
	objectVersion = 55;
	objects = {

/* Begin PBXBuildFile section */
		921E5E7C1AECB066AD2AFD54 /* Pods_SoundClassification.framework in Frameworks */ = {isa = PBXBuildFile; fileRef = 2109A5E9A08D8AE450D02691 /* Pods_SoundClassification.framework */; };
		BF646A642897D5CC006741D8 /* yamnet.tflite in Resources */ = {isa = PBXBuildFile; fileRef = BF646A622897D5CC006741D8 /* yamnet.tflite */; };
		BF646A652897D5CC006741D8 /* speech_commands.tflite in Resources */ = {isa = PBXBuildFile; fileRef = BF646A632897D5CC006741D8 /* speech_commands.tflite */; };
		BF646A67289B6504006741D8 /* SoundClassificationHelper.swift in Sources */ = {isa = PBXBuildFile; fileRef = BF646A66289B6504006741D8 /* SoundClassificationHelper.swift */; };
		BF98E0AF28978DA0009A2B30 /* InferenceView.swift in Sources */ = {isa = PBXBuildFile; fileRef = BF98E0AE28978DA0009A2B30 /* InferenceView.swift */; };
		BFE22020289383300071A597 /* AppDelegate.swift in Sources */ = {isa = PBXBuildFile; fileRef = BFE2201F289383300071A597 /* AppDelegate.swift */; };
		BFE22024289383300071A597 /* ViewController.swift in Sources */ = {isa = PBXBuildFile; fileRef = BFE22023289383300071A597 /* ViewController.swift */; };
		BFE22027289383300071A597 /* Main.storyboard in Resources */ = {isa = PBXBuildFile; fileRef = BFE22025289383300071A597 /* Main.storyboard */; };
		BFE22029289383320071A597 /* Assets.xcassets in Resources */ = {isa = PBXBuildFile; fileRef = BFE22028289383320071A597 /* Assets.xcassets */; };
		BFE2202C289383320071A597 /* LaunchScreen.storyboard in Resources */ = {isa = PBXBuildFile; fileRef = BFE2202A289383320071A597 /* LaunchScreen.storyboard */; };
		BFE220362893CAE20071A597 /* ResultTableViewCell.swift in Sources */ = {isa = PBXBuildFile; fileRef = BFE220352893CAE20071A597 /* ResultTableViewCell.swift */; };
/* End PBXBuildFile section */

/* Begin PBXFileReference section */
		2109A5E9A08D8AE450D02691 /* Pods_SoundClassification.framework */ = {isa = PBXFileReference; explicitFileType = wrapper.framework; includeInIndex = 0; path = Pods_SoundClassification.framework; sourceTree = BUILT_PRODUCTS_DIR; };
		8C1B65C90F37CC99A5F9163F /* Pods-SoundClassification.debug.xcconfig */ = {isa = PBXFileReference; includeInIndex = 1; lastKnownFileType = text.xcconfig; name = "Pods-SoundClassification.debug.xcconfig"; path = "Target Support Files/Pods-SoundClassification/Pods-SoundClassification.debug.xcconfig"; sourceTree = "<group>"; };
		A54B1AFE3B39830845FC13CD /* Pods-SoundClassification.release.xcconfig */ = {isa = PBXFileReference; includeInIndex = 1; lastKnownFileType = text.xcconfig; name = "Pods-SoundClassification.release.xcconfig"; path = "Target Support Files/Pods-SoundClassification/Pods-SoundClassification.release.xcconfig"; sourceTree = "<group>"; };
		BF646A622897D5CC006741D8 /* yamnet.tflite */ = {isa = PBXFileReference; lastKnownFileType = file; path = yamnet.tflite; sourceTree = "<group>"; };
		BF646A632897D5CC006741D8 /* speech_commands.tflite */ = {isa = PBXFileReference; lastKnownFileType = file; path = speech_commands.tflite; sourceTree = "<group>"; };
		BF646A66289B6504006741D8 /* SoundClassificationHelper.swift */ = {isa = PBXFileReference; lastKnownFileType = sourcecode.swift; path = SoundClassificationHelper.swift; sourceTree = "<group>"; };
		BF98E0AE28978DA0009A2B30 /* InferenceView.swift */ = {isa = PBXFileReference; lastKnownFileType = sourcecode.swift; path = InferenceView.swift; sourceTree = "<group>"; };
		BFE2201C289383300071A597 /* SoundClassification.app */ = {isa = PBXFileReference; explicitFileType = wrapper.application; includeInIndex = 0; path = SoundClassification.app; sourceTree = BUILT_PRODUCTS_DIR; };
		BFE2201F289383300071A597 /* AppDelegate.swift */ = {isa = PBXFileReference; lastKnownFileType = sourcecode.swift; path = AppDelegate.swift; sourceTree = "<group>"; };
		BFE22023289383300071A597 /* ViewController.swift */ = {isa = PBXFileReference; lastKnownFileType = sourcecode.swift; path = ViewController.swift; sourceTree = "<group>"; };
		BFE22026289383300071A597 /* Base */ = {isa = PBXFileReference; lastKnownFileType = file.storyboard; name = Base; path = Base.lproj/Main.storyboard; sourceTree = "<group>"; };
		BFE22028289383320071A597 /* Assets.xcassets */ = {isa = PBXFileReference; lastKnownFileType = folder.assetcatalog; path = Assets.xcassets; sourceTree = "<group>"; };
		BFE2202B289383320071A597 /* Base */ = {isa = PBXFileReference; lastKnownFileType = file.storyboard; name = Base; path = Base.lproj/LaunchScreen.storyboard; sourceTree = "<group>"; };
		BFE2202D289383320071A597 /* Info.plist */ = {isa = PBXFileReference; lastKnownFileType = text.plist.xml; path = Info.plist; sourceTree = "<group>"; };
		BFE220352893CAE20071A597 /* ResultTableViewCell.swift */ = {isa = PBXFileReference; lastKnownFileType = sourcecode.swift; path = ResultTableViewCell.swift; sourceTree = "<group>"; };
/* End PBXFileReference section */

/* Begin PBXFrameworksBuildPhase section */
		BFE22019289383300071A597 /* Frameworks */ = {
			isa = PBXFrameworksBuildPhase;
			buildActionMask = 2147483647;
			files = (
				921E5E7C1AECB066AD2AFD54 /* Pods_SoundClassification.framework in Frameworks */,
			);
			runOnlyForDeploymentPostprocessing = 0;
		};
/* End PBXFrameworksBuildPhase section */

/* Begin PBXGroup section */
		0C3A4DB763E3077AB9326F97 /* Pods */ = {
			isa = PBXGroup;
			children = (
				8C1B65C90F37CC99A5F9163F /* Pods-SoundClassification.debug.xcconfig */,
				A54B1AFE3B39830845FC13CD /* Pods-SoundClassification.release.xcconfig */,
			);
			path = Pods;
			sourceTree = "<group>";
		};
		2F8B3884B7F1414F475030EF /* Frameworks */ = {
			isa = PBXGroup;
			children = (
				2109A5E9A08D8AE450D02691 /* Pods_SoundClassification.framework */,
			);
			name = Frameworks;
			sourceTree = "<group>";
		};
		BF646A612897D5CC006741D8 /* TFlite */ = {
			isa = PBXGroup;
			children = (
				BF646A66289B6504006741D8 /* SoundClassificationHelper.swift */,
				BF646A622897D5CC006741D8 /* yamnet.tflite */,
				BF646A632897D5CC006741D8 /* speech_commands.tflite */,
			);
			path = TFlite;
			sourceTree = "<group>";
		};
		BFE22013289383300071A597 = {
			isa = PBXGroup;
			children = (
				BFE2201E289383300071A597 /* SoundClassification */,
				BFE2201D289383300071A597 /* Products */,
				0C3A4DB763E3077AB9326F97 /* Pods */,
				2F8B3884B7F1414F475030EF /* Frameworks */,
			);
			sourceTree = "<group>";
		};
		BFE2201D289383300071A597 /* Products */ = {
			isa = PBXGroup;
			children = (
				BFE2201C289383300071A597 /* SoundClassification.app */,
			);
			name = Products;
			sourceTree = "<group>";
		};
		BFE2201E289383300071A597 /* SoundClassification */ = {
			isa = PBXGroup;
			children = (
				BF646A612897D5CC006741D8 /* TFlite */,
				BFE2201F289383300071A597 /* AppDelegate.swift */,
				BF98E0AE28978DA0009A2B30 /* InferenceView.swift */,
				BFE22023289383300071A597 /* ViewController.swift */,
				BFE220352893CAE20071A597 /* ResultTableViewCell.swift */,
				BFE22025289383300071A597 /* Main.storyboard */,
				BFE22028289383320071A597 /* Assets.xcassets */,
				BFE2202A289383320071A597 /* LaunchScreen.storyboard */,
				BFE2202D289383320071A597 /* Info.plist */,
			);
			path = SoundClassification;
			sourceTree = "<group>";
		};
/* End PBXGroup section */

/* Begin PBXNativeTarget section */
		BFE2201B289383300071A597 /* SoundClassification */ = {
			isa = PBXNativeTarget;
			buildConfigurationList = BFE22030289383320071A597 /* Build configuration list for PBXNativeTarget "SoundClassification" */;
			buildPhases = (
				FC9E56CA7D910ACAE55AB2A3 /* [CP] Check Pods Manifest.lock */,
				BFE22018289383300071A597 /* Sources */,
				BFE22019289383300071A597 /* Frameworks */,
				BFE2201A289383300071A597 /* Resources */,
			);
			buildRules = (
			);
			dependencies = (
			);
			name = SoundClassification;
			productName = SoundClassification;
			productReference = BFE2201C289383300071A597 /* SoundClassification.app */;
			productType = "com.apple.product-type.application";
		};
/* End PBXNativeTarget section */

/* Begin PBXProject section */
		BFE22014289383300071A597 /* Project object */ = {
			isa = PBXProject;
			attributes = {
				BuildIndependentTargetsInParallel = 1;
				LastSwiftUpdateCheck = 1330;
				LastUpgradeCheck = 1330;
				TargetAttributes = {
					BFE2201B289383300071A597 = {
						CreatedOnToolsVersion = 13.3.1;
					};
				};
			};
			buildConfigurationList = BFE22017289383300071A597 /* Build configuration list for PBXProject "SoundClassification" */;
			compatibilityVersion = "Xcode 13.0";
			developmentRegion = en;
			hasScannedForEncodings = 0;
			knownRegions = (
				en,
				Base,
			);
			mainGroup = BFE22013289383300071A597;
			productRefGroup = BFE2201D289383300071A597 /* Products */;
			projectDirPath = "";
			projectRoot = "";
			targets = (
				BFE2201B289383300071A597 /* SoundClassification */,
			);
		};
/* End PBXProject section */

/* Begin PBXResourcesBuildPhase section */
		BFE2201A289383300071A597 /* Resources */ = {
			isa = PBXResourcesBuildPhase;
			buildActionMask = 2147483647;
			files = (
				BFE2202C289383320071A597 /* LaunchScreen.storyboard in Resources */,
				BF646A652897D5CC006741D8 /* speech_commands.tflite in Resources */,
				BF646A642897D5CC006741D8 /* yamnet.tflite in Resources */,
				BFE22029289383320071A597 /* Assets.xcassets in Resources */,
				BFE22027289383300071A597 /* Main.storyboard in Resources */,
			);
			runOnlyForDeploymentPostprocessing = 0;
		};
/* End PBXResourcesBuildPhase section */

/* Begin PBXShellScriptBuildPhase section */
		FC9E56CA7D910ACAE55AB2A3 /* [CP] Check Pods Manifest.lock */ = {
			isa = PBXShellScriptBuildPhase;
			buildActionMask = 2147483647;
			files = (
			);
			inputFileListPaths = (
			);
			inputPaths = (
				"${PODS_PODFILE_DIR_PATH}/Podfile.lock",
				"${PODS_ROOT}/Manifest.lock",
			);
			name = "[CP] Check Pods Manifest.lock";
			outputFileListPaths = (
			);
			outputPaths = (
				"$(DERIVED_FILE_DIR)/Pods-SoundClassification-checkManifestLockResult.txt",
			);
			runOnlyForDeploymentPostprocessing = 0;
			shellPath = /bin/sh;
			shellScript = "diff \"${PODS_PODFILE_DIR_PATH}/Podfile.lock\" \"${PODS_ROOT}/Manifest.lock\" > /dev/null\nif [ $? != 0 ] ; then\n    # print error to STDERR\n    echo \"error: The sandbox is not in sync with the Podfile.lock. Run 'pod install' or update your CocoaPods installation.\" >&2\n    exit 1\nfi\n# This output is used by Xcode 'outputs' to avoid re-running this script phase.\necho \"SUCCESS\" > \"${SCRIPT_OUTPUT_FILE_0}\"\n";
			showEnvVarsInLog = 0;
		};
/* End PBXShellScriptBuildPhase section */

/* Begin PBXSourcesBuildPhase section */
		BFE22018289383300071A597 /* Sources */ = {
			isa = PBXSourcesBuildPhase;
			buildActionMask = 2147483647;
			files = (
				BF98E0AF28978DA0009A2B30 /* InferenceView.swift in Sources */,
				BFE22024289383300071A597 /* ViewController.swift in Sources */,
				BFE220362893CAE20071A597 /* ResultTableViewCell.swift in Sources */,
				BFE22020289383300071A597 /* AppDelegate.swift in Sources */,
				BF646A67289B6504006741D8 /* SoundClassificationHelper.swift in Sources */,
			);
			runOnlyForDeploymentPostprocessing = 0;
		};
/* End PBXSourcesBuildPhase section */

/* Begin PBXVariantGroup section */
		BFE22025289383300071A597 /* Main.storyboard */ = {
			isa = PBXVariantGroup;
			children = (
				BFE22026289383300071A597 /* Base */,
			);
			name = Main.storyboard;
			sourceTree = "<group>";
		};
		BFE2202A289383320071A597 /* LaunchScreen.storyboard */ = {
			isa = PBXVariantGroup;
			children = (
				BFE2202B289383320071A597 /* Base */,
			);
			name = LaunchScreen.storyboard;
			sourceTree = "<group>";
		};
/* End PBXVariantGroup section */

/* Begin XCBuildConfiguration section */
		BFE2202E289383320071A597 /* Debug */ = {
			isa = XCBuildConfiguration;
			buildSettings = {
				ALWAYS_SEARCH_USER_PATHS = NO;
				CLANG_ANALYZER_NONNULL = YES;
				CLANG_ANALYZER_NUMBER_OBJECT_CONVERSION = YES_AGGRESSIVE;
				CLANG_CXX_LANGUAGE_STANDARD = "gnu++17";
				CLANG_ENABLE_MODULES = YES;
				CLANG_ENABLE_OBJC_ARC = YES;
				CLANG_ENABLE_OBJC_WEAK = YES;
				CLANG_WARN_BLOCK_CAPTURE_AUTORELEASING = YES;
				CLANG_WARN_BOOL_CONVERSION = YES;
				CLANG_WARN_COMMA = YES;
				CLANG_WARN_CONSTANT_CONVERSION = YES;
				CLANG_WARN_DEPRECATED_OBJC_IMPLEMENTATIONS = YES;
				CLANG_WARN_DIRECT_OBJC_ISA_USAGE = YES_ERROR;
				CLANG_WARN_DOCUMENTATION_COMMENTS = YES;
				CLANG_WARN_EMPTY_BODY = YES;
				CLANG_WARN_ENUM_CONVERSION = YES;
				CLANG_WARN_INFINITE_RECURSION = YES;
				CLANG_WARN_INT_CONVERSION = YES;
				CLANG_WARN_NON_LITERAL_NULL_CONVERSION = YES;
				CLANG_WARN_OBJC_IMPLICIT_RETAIN_SELF = YES;
				CLANG_WARN_OBJC_LITERAL_CONVERSION = YES;
				CLANG_WARN_OBJC_ROOT_CLASS = YES_ERROR;
				CLANG_WARN_QUOTED_INCLUDE_IN_FRAMEWORK_HEADER = YES;
				CLANG_WARN_RANGE_LOOP_ANALYSIS = YES;
				CLANG_WARN_STRICT_PROTOTYPES = YES;
				CLANG_WARN_SUSPICIOUS_MOVE = YES;
				CLANG_WARN_UNGUARDED_AVAILABILITY = YES_AGGRESSIVE;
				CLANG_WARN_UNREACHABLE_CODE = YES;
				CLANG_WARN__DUPLICATE_METHOD_MATCH = YES;
				COPY_PHASE_STRIP = NO;
				DEBUG_INFORMATION_FORMAT = dwarf;
				ENABLE_STRICT_OBJC_MSGSEND = YES;
				ENABLE_TESTABILITY = YES;
				GCC_C_LANGUAGE_STANDARD = gnu11;
				GCC_DYNAMIC_NO_PIC = NO;
				GCC_NO_COMMON_BLOCKS = YES;
				GCC_OPTIMIZATION_LEVEL = 0;
				GCC_PREPROCESSOR_DEFINITIONS = (
					"DEBUG=1",
					"$(inherited)",
				);
				GCC_WARN_64_TO_32_BIT_CONVERSION = YES;
				GCC_WARN_ABOUT_RETURN_TYPE = YES_ERROR;
				GCC_WARN_UNDECLARED_SELECTOR = YES;
				GCC_WARN_UNINITIALIZED_AUTOS = YES_AGGRESSIVE;
				GCC_WARN_UNUSED_FUNCTION = YES;
				GCC_WARN_UNUSED_VARIABLE = YES;
				IPHONEOS_DEPLOYMENT_TARGET = 15.4;
				MTL_ENABLE_DEBUG_INFO = INCLUDE_SOURCE;
				MTL_FAST_MATH = YES;
				ONLY_ACTIVE_ARCH = YES;
				SDKROOT = iphoneos;
				SWIFT_ACTIVE_COMPILATION_CONDITIONS = DEBUG;
				SWIFT_OPTIMIZATION_LEVEL = "-Onone";
			};
			name = Debug;
		};
		BFE2202F289383320071A597 /* Release */ = {
			isa = XCBuildConfiguration;
			buildSettings = {
				ALWAYS_SEARCH_USER_PATHS = NO;
				CLANG_ANALYZER_NONNULL = YES;
				CLANG_ANALYZER_NUMBER_OBJECT_CONVERSION = YES_AGGRESSIVE;
				CLANG_CXX_LANGUAGE_STANDARD = "gnu++17";
				CLANG_ENABLE_MODULES = YES;
				CLANG_ENABLE_OBJC_ARC = YES;
				CLANG_ENABLE_OBJC_WEAK = YES;
				CLANG_WARN_BLOCK_CAPTURE_AUTORELEASING = YES;
				CLANG_WARN_BOOL_CONVERSION = YES;
				CLANG_WARN_COMMA = YES;
				CLANG_WARN_CONSTANT_CONVERSION = YES;
				CLANG_WARN_DEPRECATED_OBJC_IMPLEMENTATIONS = YES;
				CLANG_WARN_DIRECT_OBJC_ISA_USAGE = YES_ERROR;
				CLANG_WARN_DOCUMENTATION_COMMENTS = YES;
				CLANG_WARN_EMPTY_BODY = YES;
				CLANG_WARN_ENUM_CONVERSION = YES;
				CLANG_WARN_INFINITE_RECURSION = YES;
				CLANG_WARN_INT_CONVERSION = YES;
				CLANG_WARN_NON_LITERAL_NULL_CONVERSION = YES;
				CLANG_WARN_OBJC_IMPLICIT_RETAIN_SELF = YES;
				CLANG_WARN_OBJC_LITERAL_CONVERSION = YES;
				CLANG_WARN_OBJC_ROOT_CLASS = YES_ERROR;
				CLANG_WARN_QUOTED_INCLUDE_IN_FRAMEWORK_HEADER = YES;
				CLANG_WARN_RANGE_LOOP_ANALYSIS = YES;
				CLANG_WARN_STRICT_PROTOTYPES = YES;
				CLANG_WARN_SUSPICIOUS_MOVE = YES;
				CLANG_WARN_UNGUARDED_AVAILABILITY = YES_AGGRESSIVE;
				CLANG_WARN_UNREACHABLE_CODE = YES;
				CLANG_WARN__DUPLICATE_METHOD_MATCH = YES;
				COPY_PHASE_STRIP = NO;
				DEBUG_INFORMATION_FORMAT = "dwarf-with-dsym";
				ENABLE_NS_ASSERTIONS = NO;
				ENABLE_STRICT_OBJC_MSGSEND = YES;
				GCC_C_LANGUAGE_STANDARD = gnu11;
				GCC_NO_COMMON_BLOCKS = YES;
				GCC_WARN_64_TO_32_BIT_CONVERSION = YES;
				GCC_WARN_ABOUT_RETURN_TYPE = YES_ERROR;
				GCC_WARN_UNDECLARED_SELECTOR = YES;
				GCC_WARN_UNINITIALIZED_AUTOS = YES_AGGRESSIVE;
				GCC_WARN_UNUSED_FUNCTION = YES;
				GCC_WARN_UNUSED_VARIABLE = YES;
				IPHONEOS_DEPLOYMENT_TARGET = 15.4;
				MTL_ENABLE_DEBUG_INFO = NO;
				MTL_FAST_MATH = YES;
				SDKROOT = iphoneos;
				SWIFT_COMPILATION_MODE = wholemodule;
				SWIFT_OPTIMIZATION_LEVEL = "-O";
				VALIDATE_PRODUCT = YES;
			};
			name = Release;
		};
		BFE22031289383320071A597 /* Debug */ = {
			isa = XCBuildConfiguration;
			baseConfigurationReference = 8C1B65C90F37CC99A5F9163F /* Pods-SoundClassification.debug.xcconfig */;
			buildSettings = {
				ASSETCATALOG_COMPILER_APPICON_NAME = AppIcon;
				ASSETCATALOG_COMPILER_GLOBAL_ACCENT_COLOR_NAME = AccentColor;
				CODE_SIGN_STYLE = Automatic;
				CURRENT_PROJECT_VERSION = 1;
				DEVELOPMENT_TEAM = 9PLS9MU793;
				GENERATE_INFOPLIST_FILE = YES;
				INFOPLIST_FILE = SoundClassification/Info.plist;
				INFOPLIST_KEY_UIApplicationSupportsIndirectInputEvents = YES;
				INFOPLIST_KEY_UILaunchStoryboardName = LaunchScreen;
				INFOPLIST_KEY_UIMainStoryboardFile = Main;
				INFOPLIST_KEY_UISupportedInterfaceOrientations_iPad = "UIInterfaceOrientationPortrait UIInterfaceOrientationPortraitUpsideDown UIInterfaceOrientationLandscapeLeft UIInterfaceOrientationLandscapeRight";
				INFOPLIST_KEY_UISupportedInterfaceOrientations_iPhone = "UIInterfaceOrientationPortrait UIInterfaceOrientationLandscapeLeft UIInterfaceOrientationLandscapeRight";
				LD_RUNPATH_SEARCH_PATHS = (
					"$(inherited)",
					"@executable_path/Frameworks",
				);
				MARKETING_VERSION = 1.0;
				PRODUCT_BUNDLE_IDENTIFIER = tuan.mai.SoundClassification;
				PRODUCT_NAME = "$(TARGET_NAME)";
				SWIFT_EMIT_LOC_STRINGS = YES;
				SWIFT_VERSION = 5.0;
				TARGETED_DEVICE_FAMILY = "1,2";
			};
			name = Debug;
		};
		BFE22032289383320071A597 /* Release */ = {
			isa = XCBuildConfiguration;
			baseConfigurationReference = A54B1AFE3B39830845FC13CD /* Pods-SoundClassification.release.xcconfig */;
			buildSettings = {
				ASSETCATALOG_COMPILER_APPICON_NAME = AppIcon;
				ASSETCATALOG_COMPILER_GLOBAL_ACCENT_COLOR_NAME = AccentColor;
				CODE_SIGN_STYLE = Automatic;
				CURRENT_PROJECT_VERSION = 1;
				DEVELOPMENT_TEAM = 9PLS9MU793;
				GENERATE_INFOPLIST_FILE = YES;
				INFOPLIST_FILE = SoundClassification/Info.plist;
				INFOPLIST_KEY_UIApplicationSupportsIndirectInputEvents = YES;
				INFOPLIST_KEY_UILaunchStoryboardName = LaunchScreen;
				INFOPLIST_KEY_UIMainStoryboardFile = Main;
				INFOPLIST_KEY_UISupportedInterfaceOrientations_iPad = "UIInterfaceOrientationPortrait UIInterfaceOrientationPortraitUpsideDown UIInterfaceOrientationLandscapeLeft UIInterfaceOrientationLandscapeRight";
				INFOPLIST_KEY_UISupportedInterfaceOrientations_iPhone = "UIInterfaceOrientationPortrait UIInterfaceOrientationLandscapeLeft UIInterfaceOrientationLandscapeRight";
				LD_RUNPATH_SEARCH_PATHS = (
					"$(inherited)",
					"@executable_path/Frameworks",
				);
				MARKETING_VERSION = 1.0;
				PRODUCT_BUNDLE_IDENTIFIER = tuan.mai.SoundClassification;
				PRODUCT_NAME = "$(TARGET_NAME)";
				SWIFT_EMIT_LOC_STRINGS = YES;
				SWIFT_VERSION = 5.0;
				TARGETED_DEVICE_FAMILY = "1,2";
			};
			name = Release;
		};
/* End XCBuildConfiguration section */

/* Begin XCConfigurationList section */
		BFE22017289383300071A597 /* Build configuration list for PBXProject "SoundClassification" */ = {
			isa = XCConfigurationList;
			buildConfigurations = (
				BFE2202E289383320071A597 /* Debug */,
				BFE2202F289383320071A597 /* Release */,
			);
			defaultConfigurationIsVisible = 0;
			defaultConfigurationName = Release;
		};
		BFE22030289383320071A597 /* Build configuration list for PBXNativeTarget "SoundClassification" */ = {
			isa = XCConfigurationList;
			buildConfigurations = (
				BFE22031289383320071A597 /* Debug */,
				BFE22032289383320071A597 /* Release */,
			);
			defaultConfigurationIsVisible = 0;
			defaultConfigurationName = Release;
		};
/* End XCConfigurationList section */
	};
	rootObject = BFE22014289383300071A597 /* Project object */;
}
